// !$*UTF8*$!
{
	archiveVersion = 1;
	classes = {
	};
	objectVersion = 50;
	objects = {

/* Begin PBXBuildFile section */
		8413380424B6A0AD00A420BD /* buttonBorder.swift in Sources */ = {isa = PBXBuildFile; fileRef = 8413380324B6A0AD00A420BD /* buttonBorder.swift */; };
		846A25D224B27D3D00C79FD9 /* AppDelegate.swift in Sources */ = {isa = PBXBuildFile; fileRef = 846A25D124B27D3D00C79FD9 /* AppDelegate.swift */; };
		846A25D424B27D3D00C79FD9 /* SceneDelegate.swift in Sources */ = {isa = PBXBuildFile; fileRef = 846A25D324B27D3D00C79FD9 /* SceneDelegate.swift */; };
		846A25D624B27D3D00C79FD9 /* welcomeVC.swift in Sources */ = {isa = PBXBuildFile; fileRef = 846A25D524B27D3D00C79FD9 /* welcomeVC.swift */; };
		846A25D924B27D3D00C79FD9 /* Main.storyboard in Resources */ = {isa = PBXBuildFile; fileRef = 846A25D724B27D3D00C79FD9 /* Main.storyboard */; };
		846A25DB24B27D4200C79FD9 /* Assets.xcassets in Resources */ = {isa = PBXBuildFile; fileRef = 846A25DA24B27D4200C79FD9 /* Assets.xcassets */; };
		846A25DE24B27D4200C79FD9 /* LaunchScreen.storyboard in Resources */ = {isa = PBXBuildFile; fileRef = 846A25DC24B27D4200C79FD9 /* LaunchScreen.storyboard */; };
		846A25E924B27D4200C79FD9 /* app_swoochTests.swift in Sources */ = {isa = PBXBuildFile; fileRef = 846A25E824B27D4200C79FD9 /* app_swoochTests.swift */; };
		846A25F424B27D4200C79FD9 /* app_swoochUITests.swift in Sources */ = {isa = PBXBuildFile; fileRef = 846A25F324B27D4200C79FD9 /* app_swoochUITests.swift */; };
		8492C05B24B7D74900793523 /* leaguVC.swift in Sources */ = {isa = PBXBuildFile; fileRef = 8492C05A24B7D74900793523 /* leaguVC.swift */; };
		8492C05D24B7D76200793523 /* typeVC.swift in Sources */ = {isa = PBXBuildFile; fileRef = 8492C05C24B7D76200793523 /* typeVC.swift */; };
/* End PBXBuildFile section */

/* Begin PBXContainerItemProxy section */
		846A25E524B27D4200C79FD9 /* PBXContainerItemProxy */ = {
			isa = PBXContainerItemProxy;
			containerPortal = 846A25C624B27D3D00C79FD9 /* Project object */;
			proxyType = 1;
			remoteGlobalIDString = 846A25CD24B27D3D00C79FD9;
			remoteInfo = app_swooch;
		};
		846A25F024B27D4200C79FD9 /* PBXContainerItemProxy */ = {
			isa = PBXContainerItemProxy;
			containerPortal = 846A25C624B27D3D00C79FD9 /* Project object */;
			proxyType = 1;
			remoteGlobalIDString = 846A25CD24B27D3D00C79FD9;
			remoteInfo = app_swooch;
		};
/* End PBXContainerItemProxy section */

/* Begin PBXFileReference section */
		8413380324B6A0AD00A420BD /* buttonBorder.swift */ = {isa = PBXFileReference; lastKnownFileType = sourcecode.swift; path = buttonBorder.swift; sourceTree = "<group>"; };
		846A25CE24B27D3D00C79FD9 /* app_swooch.app */ = {isa = PBXFileReference; explicitFileType = wrapper.application; includeInIndex = 0; path = app_swooch.app; sourceTree = BUILT_PRODUCTS_DIR; };
		846A25D124B27D3D00C79FD9 /* AppDelegate.swift */ = {isa = PBXFileReference; lastKnownFileType = sourcecode.swift; path = AppDelegate.swift; sourceTree = "<group>"; };
		846A25D324B27D3D00C79FD9 /* SceneDelegate.swift */ = {isa = PBXFileReference; lastKnownFileType = sourcecode.swift; path = SceneDelegate.swift; sourceTree = "<group>"; };
		846A25D524B27D3D00C79FD9 /* welcomeVC.swift */ = {isa = PBXFileReference; lastKnownFileType = sourcecode.swift; path = welcomeVC.swift; sourceTree = "<group>"; };
		846A25D824B27D3D00C79FD9 /* Base */ = {isa = PBXFileReference; lastKnownFileType = file.storyboard; name = Base; path = Base.lproj/Main.storyboard; sourceTree = "<group>"; };
		846A25DA24B27D4200C79FD9 /* Assets.xcassets */ = {isa = PBXFileReference; lastKnownFileType = folder.assetcatalog; path = Assets.xcassets; sourceTree = "<group>"; };
		846A25DD24B27D4200C79FD9 /* Base */ = {isa = PBXFileReference; lastKnownFileType = file.storyboard; name = Base; path = Base.lproj/LaunchScreen.storyboard; sourceTree = "<group>"; };
		846A25DF24B27D4200C79FD9 /* Info.plist */ = {isa = PBXFileReference; lastKnownFileType = text.plist.xml; path = Info.plist; sourceTree = "<group>"; };
		846A25E424B27D4200C79FD9 /* app_swoochTests.xctest */ = {isa = PBXFileReference; explicitFileType = wrapper.cfbundle; includeInIndex = 0; path = app_swoochTests.xctest; sourceTree = BUILT_PRODUCTS_DIR; };
		846A25E824B27D4200C79FD9 /* app_swoochTests.swift */ = {isa = PBXFileReference; lastKnownFileType = sourcecode.swift; path = app_swoochTests.swift; sourceTree = "<group>"; };
		846A25EA24B27D4200C79FD9 /* Info.plist */ = {isa = PBXFileReference; lastKnownFileType = text.plist.xml; path = Info.plist; sourceTree = "<group>"; };
		846A25EF24B27D4200C79FD9 /* app_swoochUITests.xctest */ = {isa = PBXFileReference; explicitFileType = wrapper.cfbundle; includeInIndex = 0; path = app_swoochUITests.xctest; sourceTree = BUILT_PRODUCTS_DIR; };
		846A25F324B27D4200C79FD9 /* app_swoochUITests.swift */ = {isa = PBXFileReference; lastKnownFileType = sourcecode.swift; path = app_swoochUITests.swift; sourceTree = "<group>"; };
		846A25F524B27D4200C79FD9 /* Info.plist */ = {isa = PBXFileReference; lastKnownFileType = text.plist.xml; path = Info.plist; sourceTree = "<group>"; };
		8492C05A24B7D74900793523 /* leaguVC.swift */ = {isa = PBXFileReference; lastKnownFileType = sourcecode.swift; path = leaguVC.swift; sourceTree = "<group>"; };
		8492C05C24B7D76200793523 /* typeVC.swift */ = {isa = PBXFileReference; lastKnownFileType = sourcecode.swift; path = typeVC.swift; sourceTree = "<group>"; };
/* End PBXFileReference section */

/* Begin PBXFrameworksBuildPhase section */
		846A25CB24B27D3D00C79FD9 /* Frameworks */ = {
			isa = PBXFrameworksBuildPhase;
			buildActionMask = 2147483647;
			files = (
			);
			runOnlyForDeploymentPostprocessing = 0;
		};
		846A25E124B27D4200C79FD9 /* Frameworks */ = {
			isa = PBXFrameworksBuildPhase;
			buildActionMask = 2147483647;
			files = (
			);
			runOnlyForDeploymentPostprocessing = 0;
		};
		846A25EC24B27D4200C79FD9 /* Frameworks */ = {
			isa = PBXFrameworksBuildPhase;
			buildActionMask = 2147483647;
			files = (
			);
			runOnlyForDeploymentPostprocessing = 0;
		};
/* End PBXFrameworksBuildPhase section */

/* Begin PBXGroup section */
		8413380224B6A05900A420BD /* views */ = {
			isa = PBXGroup;
			children = (
				8413380324B6A0AD00A420BD /* buttonBorder.swift */,
			);
			path = views;
			sourceTree = "<group>";
		};
		846A25C524B27D3D00C79FD9 = {
			isa = PBXGroup;
			children = (
				8413380224B6A05900A420BD /* views */,
				846A25D024B27D3D00C79FD9 /* app_swooch */,
				846A25E724B27D4200C79FD9 /* app_swoochTests */,
				846A25F224B27D4200C79FD9 /* app_swoochUITests */,
				846A25CF24B27D3D00C79FD9 /* Products */,
			);
			sourceTree = "<group>";
		};
		846A25CF24B27D3D00C79FD9 /* Products */ = {
			isa = PBXGroup;
			children = (
				846A25CE24B27D3D00C79FD9 /* app_swooch.app */,
				846A25E424B27D4200C79FD9 /* app_swoochTests.xctest */,
				846A25EF24B27D4200C79FD9 /* app_swoochUITests.xctest */,
			);
			name = Products;
			sourceTree = "<group>";
		};
		846A25D024B27D3D00C79FD9 /* app_swooch */ = {
			isa = PBXGroup;
			children = (
				8492C05924B7D5C700793523 /* model */,
				8492C05824B7D5B200793523 /* controler */,
				8492C05724B7D59E00793523 /* view */,
				846A25D124B27D3D00C79FD9 /* AppDelegate.swift */,
				846A25D324B27D3D00C79FD9 /* SceneDelegate.swift */,
				846A25D724B27D3D00C79FD9 /* Main.storyboard */,
				846A25DA24B27D4200C79FD9 /* Assets.xcassets */,
				846A25DC24B27D4200C79FD9 /* LaunchScreen.storyboard */,
				846A25DF24B27D4200C79FD9 /* Info.plist */,
			);
			path = app_swooch;
			sourceTree = "<group>";
		};
		846A25E724B27D4200C79FD9 /* app_swoochTests */ = {
			isa = PBXGroup;
			children = (
				846A25E824B27D4200C79FD9 /* app_swoochTests.swift */,
				846A25EA24B27D4200C79FD9 /* Info.plist */,
			);
			path = app_swoochTests;
			sourceTree = "<group>";
		};
		846A25F224B27D4200C79FD9 /* app_swoochUITests */ = {
			isa = PBXGroup;
			children = (
				846A25F324B27D4200C79FD9 /* app_swoochUITests.swift */,
				846A25F524B27D4200C79FD9 /* Info.plist */,
			);
			path = app_swoochUITests;
			sourceTree = "<group>";
		};
		8492C05724B7D59E00793523 /* view */ = {
			isa = PBXGroup;
			children = (
			);
			path = view;
			sourceTree = "<group>";
		};
		8492C05824B7D5B200793523 /* controler */ = {
			isa = PBXGroup;
			children = (
				846A25D524B27D3D00C79FD9 /* welcomeVC.swift */,
				8492C05A24B7D74900793523 /* leaguVC.swift */,
				8492C05C24B7D76200793523 /* typeVC.swift */,
			);
			path = controler;
			sourceTree = "<group>";
		};
		8492C05924B7D5C700793523 /* model */ = {
			isa = PBXGroup;
			children = (
			);
			path = model;
			sourceTree = "<group>";
		};
/* End PBXGroup section */

/* Begin PBXNativeTarget section */
		846A25CD24B27D3D00C79FD9 /* app_swooch */ = {
			isa = PBXNativeTarget;
			buildConfigurationList = 846A25F824B27D4200C79FD9 /* Build configuration list for PBXNativeTarget "app_swooch" */;
			buildPhases = (
				846A25CA24B27D3D00C79FD9 /* Sources */,
				846A25CB24B27D3D00C79FD9 /* Frameworks */,
				846A25CC24B27D3D00C79FD9 /* Resources */,
			);
			buildRules = (
			);
			dependencies = (
			);
			name = app_swooch;
			productName = app_swooch;
			productReference = 846A25CE24B27D3D00C79FD9 /* app_swooch.app */;
			productType = "com.apple.product-type.application";
		};
		846A25E324B27D4200C79FD9 /* app_swoochTests */ = {
			isa = PBXNativeTarget;
			buildConfigurationList = 846A25FB24B27D4200C79FD9 /* Build configuration list for PBXNativeTarget "app_swoochTests" */;
			buildPhases = (
				846A25E024B27D4200C79FD9 /* Sources */,
				846A25E124B27D4200C79FD9 /* Frameworks */,
				846A25E224B27D4200C79FD9 /* Resources */,
			);
			buildRules = (
			);
			dependencies = (
				846A25E624B27D4200C79FD9 /* PBXTargetDependency */,
			);
			name = app_swoochTests;
			productName = app_swoochTests;
			productReference = 846A25E424B27D4200C79FD9 /* app_swoochTests.xctest */;
			productType = "com.apple.product-type.bundle.unit-test";
		};
		846A25EE24B27D4200C79FD9 /* app_swoochUITests */ = {
			isa = PBXNativeTarget;
			buildConfigurationList = 846A25FE24B27D4200C79FD9 /* Build configuration list for PBXNativeTarget "app_swoochUITests" */;
			buildPhases = (
				846A25EB24B27D4200C79FD9 /* Sources */,
				846A25EC24B27D4200C79FD9 /* Frameworks */,
				846A25ED24B27D4200C79FD9 /* Resources */,
			);
			buildRules = (
			);
			dependencies = (
				846A25F124B27D4200C79FD9 /* PBXTargetDependency */,
			);
			name = app_swoochUITests;
			productName = app_swoochUITests;
			productReference = 846A25EF24B27D4200C79FD9 /* app_swoochUITests.xctest */;
			productType = "com.apple.product-type.bundle.ui-testing";
		};
/* End PBXNativeTarget section */

/* Begin PBXProject section */
		846A25C624B27D3D00C79FD9 /* Project object */ = {
			isa = PBXProject;
			attributes = {
				LastSwiftUpdateCheck = 1150;
				LastUpgradeCheck = 1150;
				ORGANIZATIONNAME = admin;
				TargetAttributes = {
					846A25CD24B27D3D00C79FD9 = {
						CreatedOnToolsVersion = 11.5;
					};
					846A25E324B27D4200C79FD9 = {
						CreatedOnToolsVersion = 11.5;
						TestTargetID = 846A25CD24B27D3D00C79FD9;
					};
					846A25EE24B27D4200C79FD9 = {
						CreatedOnToolsVersion = 11.5;
						TestTargetID = 846A25CD24B27D3D00C79FD9;
					};
				};
			};
			buildConfigurationList = 846A25C924B27D3D00C79FD9 /* Build configuration list for PBXProject "app_swooch" */;
			compatibilityVersion = "Xcode 9.3";
			developmentRegion = en;
			hasScannedForEncodings = 0;
			knownRegions = (
				en,
				Base,
			);
			mainGroup = 846A25C524B27D3D00C79FD9;
			productRefGroup = 846A25CF24B27D3D00C79FD9 /* Products */;
			projectDirPath = "";
			projectRoot = "";
			targets = (
				846A25CD24B27D3D00C79FD9 /* app_swooch */,
				846A25E324B27D4200C79FD9 /* app_swoochTests */,
				846A25EE24B27D4200C79FD9 /* app_swoochUITests */,
			);
		};
/* End PBXProject section */

/* Begin PBXResourcesBuildPhase section */
		846A25CC24B27D3D00C79FD9 /* Resources */ = {
			isa = PBXResourcesBuildPhase;
			buildActionMask = 2147483647;
			files = (
				846A25DE24B27D4200C79FD9 /* LaunchScreen.storyboard in Resources */,
				846A25DB24B27D4200C79FD9 /* Assets.xcassets in Resources */,
				846A25D924B27D3D00C79FD9 /* Main.storyboard in Resources */,
			);
			runOnlyForDeploymentPostprocessing = 0;
		};
		846A25E224B27D4200C79FD9 /* Resources */ = {
			isa = PBXResourcesBuildPhase;
			buildActionMask = 2147483647;
			files = (
			);
			runOnlyForDeploymentPostprocessing = 0;
		};
		846A25ED24B27D4200C79FD9 /* Resources */ = {
			isa = PBXResourcesBuildPhase;
			buildActionMask = 2147483647;
			files = (
			);
			runOnlyForDeploymentPostprocessing = 0;
		};
/* End PBXResourcesBuildPhase section */

/* Begin PBXSourcesBuildPhase section */
		846A25CA24B27D3D00C79FD9 /* Sources */ = {
			isa = PBXSourcesBuildPhase;
			buildActionMask = 2147483647;
			files = (
				846A25D624B27D3D00C79FD9 /* welcomeVC.swift in Sources */,
				846A25D224B27D3D00C79FD9 /* AppDelegate.swift in Sources */,
				8492C05D24B7D76200793523 /* typeVC.swift in Sources */,
				846A25D424B27D3D00C79FD9 /* SceneDelegate.swift in Sources */,
				8492C05B24B7D74900793523 /* leaguVC.swift in Sources */,
				8413380424B6A0AD00A420BD /* buttonBorder.swift in Sources */,
			);
			runOnlyForDeploymentPostprocessing = 0;
		};
		846A25E024B27D4200C79FD9 /* Sources */ = {
			isa = PBXSourcesBuildPhase;
			buildActionMask = 2147483647;
			files = (
				846A25E924B27D4200C79FD9 /* app_swoochTests.swift in Sources */,
			);
			runOnlyForDeploymentPostprocessing = 0;
		};
		846A25EB24B27D4200C79FD9 /* Sources */ = {
			isa = PBXSourcesBuildPhase;
			buildActionMask = 2147483647;
			files = (
				846A25F424B27D4200C79FD9 /* app_swoochUITests.swift in Sources */,
			);
			runOnlyForDeploymentPostprocessing = 0;
		};
/* End PBXSourcesBuildPhase section */

/* Begin PBXTargetDependency section */
		846A25E624B27D4200C79FD9 /* PBXTargetDependency */ = {
			isa = PBXTargetDependency;
			target = 846A25CD24B27D3D00C79FD9 /* app_swooch */;
			targetProxy = 846A25E524B27D4200C79FD9 /* PBXContainerItemProxy */;
		};
		846A25F124B27D4200C79FD9 /* PBXTargetDependency */ = {
			isa = PBXTargetDependency;
			target = 846A25CD24B27D3D00C79FD9 /* app_swooch */;
			targetProxy = 846A25F024B27D4200C79FD9 /* PBXContainerItemProxy */;
		};
/* End PBXTargetDependency section */

/* Begin PBXVariantGroup section */
		846A25D724B27D3D00C79FD9 /* Main.storyboard */ = {
			isa = PBXVariantGroup;
			children = (
				846A25D824B27D3D00C79FD9 /* Base */,
			);
			name = Main.storyboard;
			sourceTree = "<group>";
		};
		846A25DC24B27D4200C79FD9 /* LaunchScreen.storyboard */ = {
			isa = PBXVariantGroup;
			children = (
				846A25DD24B27D4200C79FD9 /* Base */,
			);
			name = LaunchScreen.storyboard;
			sourceTree = "<group>";
		};
/* End PBXVariantGroup section */

/* Begin XCBuildConfiguration section */
		846A25F624B27D4200C79FD9 /* Debug */ = {
			isa = XCBuildConfiguration;
			buildSettings = {
				ALWAYS_SEARCH_USER_PATHS = NO;
				CLANG_ANALYZER_NONNULL = YES;
				CLANG_ANALYZER_NUMBER_OBJECT_CONVERSION = YES_AGGRESSIVE;
				CLANG_CXX_LANGUAGE_STANDARD = "gnu++14";
				CLANG_CXX_LIBRARY = "libc++";
				CLANG_ENABLE_MODULES = YES;
				CLANG_ENABLE_OBJC_ARC = YES;
				CLANG_ENABLE_OBJC_WEAK = YES;
				CLANG_WARN_BLOCK_CAPTURE_AUTORELEASING = YES;
				CLANG_WARN_BOOL_CONVERSION = YES;
				CLANG_WARN_COMMA = YES;
				CLANG_WARN_CONSTANT_CONVERSION = YES;
				CLANG_WARN_DEPRECATED_OBJC_IMPLEMENTATIONS = YES;
				CLANG_WARN_DIRECT_OBJC_ISA_USAGE = YES_ERROR;
				CLANG_WARN_DOCUMENTATION_COMMENTS = YES;
				CLANG_WARN_EMPTY_BODY = YES;
				CLANG_WARN_ENUM_CONVERSION = YES;
				CLANG_WARN_INFINITE_RECURSION = YES;
				CLANG_WARN_INT_CONVERSION = YES;
				CLANG_WARN_NON_LITERAL_NULL_CONVERSION = YES;
				CLANG_WARN_OBJC_IMPLICIT_RETAIN_SELF = YES;
				CLANG_WARN_OBJC_LITERAL_CONVERSION = YES;
				CLANG_WARN_OBJC_ROOT_CLASS = YES_ERROR;
				CLANG_WARN_RANGE_LOOP_ANALYSIS = YES;
				CLANG_WARN_STRICT_PROTOTYPES = YES;
				CLANG_WARN_SUSPICIOUS_MOVE = YES;
				CLANG_WARN_UNGUARDED_AVAILABILITY = YES_AGGRESSIVE;
				CLANG_WARN_UNREACHABLE_CODE = YES;
				CLANG_WARN__DUPLICATE_METHOD_MATCH = YES;
				COPY_PHASE_STRIP = NO;
				DEBUG_INFORMATION_FORMAT = dwarf;
				ENABLE_STRICT_OBJC_MSGSEND = YES;
				ENABLE_TESTABILITY = YES;
				GCC_C_LANGUAGE_STANDARD = gnu11;
				GCC_DYNAMIC_NO_PIC = NO;
				GCC_NO_COMMON_BLOCKS = YES;
				GCC_OPTIMIZATION_LEVEL = 0;
				GCC_PREPROCESSOR_DEFINITIONS = (
					"DEBUG=1",
					"$(inherited)",
				);
				GCC_WARN_64_TO_32_BIT_CONVERSION = YES;
				GCC_WARN_ABOUT_RETURN_TYPE = YES_ERROR;
				GCC_WARN_UNDECLARED_SELECTOR = YES;
				GCC_WARN_UNINITIALIZED_AUTOS = YES_AGGRESSIVE;
				GCC_WARN_UNUSED_FUNCTION = YES;
				GCC_WARN_UNUSED_VARIABLE = YES;
				IPHONEOS_DEPLOYMENT_TARGET = 13.5;
				MTL_ENABLE_DEBUG_INFO = INCLUDE_SOURCE;
				MTL_FAST_MATH = YES;
				ONLY_ACTIVE_ARCH = YES;
				SDKROOT = iphoneos;
				SWIFT_ACTIVE_COMPILATION_CONDITIONS = DEBUG;
				SWIFT_OPTIMIZATION_LEVEL = "-Onone";
			};
			name = Debug;
		};
		846A25F724B27D4200C79FD9 /* Release */ = {
			isa = XCBuildConfiguration;
			buildSettings = {
				ALWAYS_SEARCH_USER_PATHS = NO;
				CLANG_ANALYZER_NONNULL = YES;
				CLANG_ANALYZER_NUMBER_OBJECT_CONVERSION = YES_AGGRESSIVE;
				CLANG_CXX_LANGUAGE_STANDARD = "gnu++14";
				CLANG_CXX_LIBRARY = "libc++";
				CLANG_ENABLE_MODULES = YES;
				CLANG_ENABLE_OBJC_ARC = YES;
				CLANG_ENABLE_OBJC_WEAK = YES;
				CLANG_WARN_BLOCK_CAPTURE_AUTORELEASING = YES;
				CLANG_WARN_BOOL_CONVERSION = YES;
				CLANG_WARN_COMMA = YES;
				CLANG_WARN_CONSTANT_CONVERSION = YES;
				CLANG_WARN_DEPRECATED_OBJC_IMPLEMENTATIONS = YES;
				CLANG_WARN_DIRECT_OBJC_ISA_USAGE = YES_ERROR;
				CLANG_WARN_DOCUMENTATION_COMMENTS = YES;
				CLANG_WARN_EMPTY_BODY = YES;
				CLANG_WARN_ENUM_CONVERSION = YES;
				CLANG_WARN_INFINITE_RECURSION = YES;
				CLANG_WARN_INT_CONVERSION = YES;
				CLANG_WARN_NON_LITERAL_NULL_CONVERSION = YES;
				CLANG_WARN_OBJC_IMPLICIT_RETAIN_SELF = YES;
				CLANG_WARN_OBJC_LITERAL_CONVERSION = YES;
				CLANG_WARN_OBJC_ROOT_CLASS = YES_ERROR;
				CLANG_WARN_RANGE_LOOP_ANALYSIS = YES;
				CLANG_WARN_STRICT_PROTOTYPES = YES;
				CLANG_WARN_SUSPICIOUS_MOVE = YES;
				CLANG_WARN_UNGUARDED_AVAILABILITY = YES_AGGRESSIVE;
				CLANG_WARN_UNREACHABLE_CODE = YES;
				CLANG_WARN__DUPLICATE_METHOD_MATCH = YES;
				COPY_PHASE_STRIP = NO;
				DEBUG_INFORMATION_FORMAT = "dwarf-with-dsym";
				ENABLE_NS_ASSERTIONS = NO;
				ENABLE_STRICT_OBJC_MSGSEND = YES;
				GCC_C_LANGUAGE_STANDARD = gnu11;
				GCC_NO_COMMON_BLOCKS = YES;
				GCC_WARN_64_TO_32_BIT_CONVERSION = YES;
				GCC_WARN_ABOUT_RETURN_TYPE = YES_ERROR;
				GCC_WARN_UNDECLARED_SELECTOR = YES;
				GCC_WARN_UNINITIALIZED_AUTOS = YES_AGGRESSIVE;
				GCC_WARN_UNUSED_FUNCTION = YES;
				GCC_WARN_UNUSED_VARIABLE = YES;
				IPHONEOS_DEPLOYMENT_TARGET = 13.5;
				MTL_ENABLE_DEBUG_INFO = NO;
				MTL_FAST_MATH = YES;
				SDKROOT = iphoneos;
				SWIFT_COMPILATION_MODE = wholemodule;
				SWIFT_OPTIMIZATION_LEVEL = "-O";
				VALIDATE_PRODUCT = YES;
			};
			name = Release;
		};
		846A25F924B27D4200C79FD9 /* Debug */ = {
			isa = XCBuildConfiguration;
			buildSettings = {
				ASSETCATALOG_COMPILER_APPICON_NAME = AppIcon;
				CODE_SIGN_STYLE = Automatic;
				INFOPLIST_FILE = app_swooch/Info.plist;
				LD_RUNPATH_SEARCH_PATHS = (
					"$(inherited)",
					"@executable_path/Frameworks",
				);
				PRODUCT_BUNDLE_IDENTIFIER = "com.abdo.abdo.app-swooch";
				PRODUCT_NAME = "$(TARGET_NAME)";
				SWIFT_VERSION = 5.0;
				TARGETED_DEVICE_FAMILY = "1,2";
			};
			name = Debug;
		};
		846A25FA24B27D4200C79FD9 /* Release */ = {
			isa = XCBuildConfiguration;
			buildSettings = {
				ASSETCATALOG_COMPILER_APPICON_NAME = AppIcon;
				CODE_SIGN_STYLE = Automatic;
				INFOPLIST_FILE = app_swooch/Info.plist;
				LD_RUNPATH_SEARCH_PATHS = (
					"$(inherited)",
					"@executable_path/Frameworks",
				);
				PRODUCT_BUNDLE_IDENTIFIER = "com.abdo.abdo.app-swooch";
				PRODUCT_NAME = "$(TARGET_NAME)";
				SWIFT_VERSION = 5.0;
				TARGETED_DEVICE_FAMILY = "1,2";
			};
			name = Release;
		};
		846A25FC24B27D4200C79FD9 /* Debug */ = {
			isa = XCBuildConfiguration;
			buildSettings = {
				ALWAYS_EMBED_SWIFT_STANDARD_LIBRARIES = YES;
				BUNDLE_LOADER = "$(TEST_HOST)";
				CODE_SIGN_STYLE = Automatic;
				INFOPLIST_FILE = app_swoochTests/Info.plist;
				IPHONEOS_DEPLOYMENT_TARGET = 13.5;
				LD_RUNPATH_SEARCH_PATHS = (
					"$(inherited)",
					"@executable_path/Frameworks",
					"@loader_path/Frameworks",
				);
				PRODUCT_BUNDLE_IDENTIFIER = "com.abdo.abdo.app-swoochTests";
				PRODUCT_NAME = "$(TARGET_NAME)";
				SWIFT_VERSION = 5.0;
				TARGETED_DEVICE_FAMILY = "1,2";
				TEST_HOST = "$(BUILT_PRODUCTS_DIR)/app_swooch.app/app_swooch";
			};
			name = Debug;
		};
		846A25FD24B27D4200C79FD9 /* Release */ = {
			isa = XCBuildConfiguration;
			buildSettings = {
				ALWAYS_EMBED_SWIFT_STANDARD_LIBRARIES = YES;
				BUNDLE_LOADER = "$(TEST_HOST)";
				CODE_SIGN_STYLE = Automatic;
				INFOPLIST_FILE = app_swoochTests/Info.plist;
				IPHONEOS_DEPLOYMENT_TARGET = 13.5;
				LD_RUNPATH_SEARCH_PATHS = (
					"$(inherited)",
					"@executable_path/Frameworks",
					"@loader_path/Frameworks",
				);
				PRODUCT_BUNDLE_IDENTIFIER = "com.abdo.abdo.app-swoochTests";
				PRODUCT_NAME = "$(TARGET_NAME)";
				SWIFT_VERSION = 5.0;
				TARGETED_DEVICE_FAMILY = "1,2";
				TEST_HOST = "$(BUILT_PRODUCTS_DIR)/app_swooch.app/app_swooch";
			};
			name = Release;
		};
		846A25FF24B27D4200C79FD9 /* Debug */ = {
			isa = XCBuildConfiguration;
			buildSettings = {
				ALWAYS_EMBED_SWIFT_STANDARD_LIBRARIES = YES;
				CODE_SIGN_STYLE = Automatic;
				INFOPLIST_FILE = app_swoochUITests/Info.plist;
				LD_RUNPATH_SEARCH_PATHS = (
					"$(inherited)",
					"@executable_path/Frameworks",
					"@loader_path/Frameworks",
				);
				PRODUCT_BUNDLE_IDENTIFIER = "com.abdo.abdo.app-swoochUITests";
				PRODUCT_NAME = "$(TARGET_NAME)";
				SWIFT_VERSION = 5.0;
				TARGETED_DEVICE_FAMILY = "1,2";
				TEST_TARGET_NAME = app_swooch;
			};
			name = Debug;
		};
		846A260024B27D4200C79FD9 /* Release */ = {
			isa = XCBuildConfiguration;
			buildSettings = {
				ALWAYS_EMBED_SWIFT_STANDARD_LIBRARIES = YES;
				CODE_SIGN_STYLE = Automatic;
				INFOPLIST_FILE = app_swoochUITests/Info.plist;
				LD_RUNPATH_SEARCH_PATHS = (
					"$(inherited)",
					"@executable_path/Frameworks",
					"@loader_path/Frameworks",
				);
				PRODUCT_BUNDLE_IDENTIFIER = "com.abdo.abdo.app-swoochUITests";
				PRODUCT_NAME = "$(TARGET_NAME)";
				SWIFT_VERSION = 5.0;
				TARGETED_DEVICE_FAMILY = "1,2";
				TEST_TARGET_NAME = app_swooch;
			};
			name = Release;
		};
/* End XCBuildConfiguration section */

/* Begin XCConfigurationList section */
		846A25C924B27D3D00C79FD9 /* Build configuration list for PBXProject "app_swooch" */ = {
			isa = XCConfigurationList;
			buildConfigurations = (
				846A25F624B27D4200C79FD9 /* Debug */,
				846A25F724B27D4200C79FD9 /* Release */,
			);
			defaultConfigurationIsVisible = 0;
			defaultConfigurationName = Release;
		};
		846A25F824B27D4200C79FD9 /* Build configuration list for PBXNativeTarget "app_swooch" */ = {
			isa = XCConfigurationList;
			buildConfigurations = (
				846A25F924B27D4200C79FD9 /* Debug */,
				846A25FA24B27D4200C79FD9 /* Release */,
			);
			defaultConfigurationIsVisible = 0;
			defaultConfigurationName = Release;
		};
		846A25FB24B27D4200C79FD9 /* Build configuration list for PBXNativeTarget "app_swoochTests" */ = {
			isa = XCConfigurationList;
			buildConfigurations = (
				846A25FC24B27D4200C79FD9 /* Debug */,
				846A25FD24B27D4200C79FD9 /* Release */,
			);
			defaultConfigurationIsVisible = 0;
			defaultConfigurationName = Release;
		};
		846A25FE24B27D4200C79FD9 /* Build configuration list for PBXNativeTarget "app_swoochUITests" */ = {
			isa = XCConfigurationList;
			buildConfigurations = (
				846A25FF24B27D4200C79FD9 /* Debug */,
				846A260024B27D4200C79FD9 /* Release */,
			);
			defaultConfigurationIsVisible = 0;
			defaultConfigurationName = Release;
		};
/* End XCConfigurationList section */
	};
	rootObject = 846A25C624B27D3D00C79FD9 /* Project object */;
}
